// !$*UTF8*$!
{
	archiveVersion = 1;
	classes = {
	};
	objectVersion = 50;
	objects = {

/* Begin PBXBuildFile section */
		468AA50B212B8A0B009B059C /* AppDelegate.swift in Sources */ = {isa = PBXBuildFile; fileRef = 468AA50A212B8A0B009B059C /* AppDelegate.swift */; };
		468AA50D212B8A0B009B059C /* ViewController.swift in Sources */ = {isa = PBXBuildFile; fileRef = 468AA50C212B8A0B009B059C /* ViewController.swift */; };
		468AA510212B8A0B009B059C /* Main.storyboard in Resources */ = {isa = PBXBuildFile; fileRef = 468AA50E212B8A0B009B059C /* Main.storyboard */; };
		468AA512212B8A0C009B059C /* Assets.xcassets in Resources */ = {isa = PBXBuildFile; fileRef = 468AA511212B8A0C009B059C /* Assets.xcassets */; };
		468AA515212B8A0C009B059C /* LaunchScreen.storyboard in Resources */ = {isa = PBXBuildFile; fileRef = 468AA513212B8A0C009B059C /* LaunchScreen.storyboard */; };
/* End PBXBuildFile section */

/* Begin PBXFileReference section */
		468AA507212B8A0B009B059C /* New-Test-Source-Control.app */ = {isa = PBXFileReference; explicitFileType = wrapper.application; includeInIndex = 0; path = "New-Test-Source-Control.app"; sourceTree = BUILT_PRODUCTS_DIR; };
		468AA50A212B8A0B009B059C /* AppDelegate.swift */ = {isa = PBXFileReference; lastKnownFileType = sourcecode.swift; path = AppDelegate.swift; sourceTree = "<group>"; };
		468AA50C212B8A0B009B059C /* ViewController.swift */ = {isa = PBXFileReference; lastKnownFileType = sourcecode.swift; path = ViewController.swift; sourceTree = "<group>"; };
		468AA50F212B8A0B009B059C /* Base */ = {isa = PBXFileReference; lastKnownFileType = file.storyboard; name = Base; path = Base.lproj/Main.storyboard; sourceTree = "<group>"; };
		468AA511212B8A0C009B059C /* Assets.xcassets */ = {isa = PBXFileReference; lastKnownFileType = folder.assetcatalog; path = Assets.xcassets; sourceTree = "<group>"; };
		468AA514212B8A0C009B059C /* Base */ = {isa = PBXFileReference; lastKnownFileType = file.storyboard; name = Base; path = Base.lproj/LaunchScreen.storyboard; sourceTree = "<group>"; };
		468AA516212B8A0C009B059C /* Info.plist */ = {isa = PBXFileReference; lastKnownFileType = text.plist.xml; path = Info.plist; sourceTree = "<group>"; };
/* End PBXFileReference section */

/* Begin PBXFrameworksBuildPhase section */
		468AA504212B8A0B009B059C /* Frameworks */ = {
			isa = PBXFrameworksBuildPhase;
			buildActionMask = 2147483647;
			files = (
			);
			runOnlyForDeploymentPostprocessing = 0;
		};
/* End PBXFrameworksBuildPhase section */

/* Begin PBXGroup section */
		468AA4FE212B8A0B009B059C = {
			isa = PBXGroup;
			children = (
				468AA509212B8A0B009B059C /* New-Test-Source-Control */,
				468AA508212B8A0B009B059C /* Products */,
			);
			sourceTree = "<group>";
		};
		468AA508212B8A0B009B059C /* Products */ = {
			isa = PBXGroup;
			children = (
				468AA507212B8A0B009B059C /* New-Test-Source-Control.app */,
			);
			name = Products;
			sourceTree = "<group>";
		};
		468AA509212B8A0B009B059C /* New-Test-Source-Control */ = {
			isa = PBXGroup;
			children = (
				468AA50A212B8A0B009B059C /* AppDelegate.swift */,
				468AA50C212B8A0B009B059C /* ViewController.swift */,
				468AA50E212B8A0B009B059C /* Main.storyboard */,
				468AA511212B8A0C009B059C /* Assets.xcassets */,
				468AA513212B8A0C009B059C /* LaunchScreen.storyboard */,
				468AA516212B8A0C009B059C /* Info.plist */,
			);
			path = "New-Test-Source-Control";
			sourceTree = "<group>";
		};
/* End PBXGroup section */

/* Begin PBXNativeTarget section */
		468AA506212B8A0B009B059C /* New-Test-Source-Control */ = {
			isa = PBXNativeTarget;
			buildConfigurationList = 468AA519212B8A0C009B059C /* Build configuration list for PBXNativeTarget "New-Test-Source-Control" */;
			buildPhases = (
				468AA503212B8A0B009B059C /* Sources */,
				468AA504212B8A0B009B059C /* Frameworks */,
				468AA505212B8A0B009B059C /* Resources */,
			);
			buildRules = (
			);
			dependencies = (
			);
			name = "New-Test-Source-Control";
			productName = "New-Test-Source-Control";
			productReference = 468AA507212B8A0B009B059C /* New-Test-Source-Control.app */;
			productType = "com.apple.product-type.application";
		};
/* End PBXNativeTarget section */

/* Begin PBXProject section */
		468AA4FF212B8A0B009B059C /* Project object */ = {
			isa = PBXProject;
			attributes = {
				LastSwiftUpdateCheck = 0940;
				LastUpgradeCheck = 0940;
				ORGANIZATIONNAME = DevelopItSolutions;
				TargetAttributes = {
					468AA506212B8A0B009B059C = {
						CreatedOnToolsVersion = 9.4.1;
					};
				};
			};
			buildConfigurationList = 468AA502212B8A0B009B059C /* Build configuration list for PBXProject "New-Test-Source-Control" */;
			compatibilityVersion = "Xcode 9.3";
			developmentRegion = en;
			hasScannedForEncodings = 0;
			knownRegions = (
				en,
				Base,
			);
			mainGroup = 468AA4FE212B8A0B009B059C;
			productRefGroup = 468AA508212B8A0B009B059C /* Products */;
			projectDirPath = "";
			projectRoot = "";
			targets = (
				468AA506212B8A0B009B059C /* New-Test-Source-Control */,
			);
		};
/* End PBXProject section */

/* Begin PBXResourcesBuildPhase section */
		468AA505212B8A0B009B059C /* Resources */ = {
			isa = PBXResourcesBuildPhase;
			buildActionMask = 2147483647;
			files = (
				468AA515212B8A0C009B059C /* LaunchScreen.storyboard in Resources */,
				468AA512212B8A0C009B059C /* Assets.xcassets in Resources */,
				468AA510212B8A0B009B059C /* Main.storyboard in Resources */,
			);
			runOnlyForDeploymentPostprocessing = 0;
		};
/* End PBXResourcesBuildPhase section */

/* Begin PBXSourcesBuildPhase section */
		468AA503212B8A0B009B059C /* Sources */ = {
			isa = PBXSourcesBuildPhase;
			buildActionMask = 2147483647;
			files = (
				468AA50D212B8A0B009B059C /* ViewController.swift in Sources */,
				468AA50B212B8A0B009B059C /* AppDelegate.swift in Sources */,
			);
			runOnlyForDeploymentPostprocessing = 0;
		};
/* End PBXSourcesBuildPhase section */

/* Begin PBXVariantGroup section */
		468AA50E212B8A0B009B059C /* Main.storyboard */ = {
			isa = PBXVariantGroup;
			children = (
				468AA50F212B8A0B009B059C /* Base */,
			);
			name = Main.storyboard;
			sourceTree = "<group>";
		};
		468AA513212B8A0C009B059C /* LaunchScreen.storyboard */ = {
			isa = PBXVariantGroup;
			children = (
				468AA514212B8A0C009B059C /* Base */,
			);
			name = LaunchScreen.storyboard;
			sourceTree = "<group>";
		};
/* End PBXVariantGroup section */

/* Begin XCBuildConfiguration section */
		468AA517212B8A0C009B059C /* Debug */ = {
			isa = XCBuildConfiguration;
			buildSettings = {
				ALWAYS_SEARCH_USER_PATHS = NO;
				CLANG_ANALYZER_NONNULL = YES;
				CLANG_ANALYZER_NUMBER_OBJECT_CONVERSION = YES_AGGRESSIVE;
				CLANG_CXX_LANGUAGE_STANDARD = "gnu++14";
				CLANG_CXX_LIBRARY = "libc++";
				CLANG_ENABLE_MODULES = YES;
				CLANG_ENABLE_OBJC_ARC = YES;
				CLANG_ENABLE_OBJC_WEAK = YES;
				CLANG_WARN_BLOCK_CAPTURE_AUTORELEASING = YES;
				CLANG_WARN_BOOL_CONVERSION = YES;
				CLANG_WARN_COMMA = YES;
				CLANG_WARN_CONSTANT_CONVERSION = YES;
				CLANG_WARN_DEPRECATED_OBJC_IMPLEMENTATIONS = YES;
				CLANG_WARN_DIRECT_OBJC_ISA_USAGE = YES_ERROR;
				CLANG_WARN_DOCUMENTATION_COMMENTS = YES;
				CLANG_WARN_EMPTY_BODY = YES;
				CLANG_WARN_ENUM_CONVERSION = YES;
				CLANG_WARN_INFINITE_RECURSION = YES;
				CLANG_WARN_INT_CONVERSION = YES;
				CLANG_WARN_NON_LITERAL_NULL_CONVERSION = YES;
				CLANG_WARN_OBJC_IMPLICIT_RETAIN_SELF = YES;
				CLANG_WARN_OBJC_LITERAL_CONVERSION = YES;
				CLANG_WARN_OBJC_ROOT_CLASS = YES_ERROR;
				CLANG_WARN_RANGE_LOOP_ANALYSIS = YES;
				CLANG_WARN_STRICT_PROTOTYPES = YES;
				CLANG_WARN_SUSPICIOUS_MOVE = YES;
				CLANG_WARN_UNGUARDED_AVAILABILITY = YES_AGGRESSIVE;
				CLANG_WARN_UNREACHABLE_CODE = YES;
				CLANG_WARN__DUPLICATE_METHOD_MATCH = YES;
				CODE_SIGN_IDENTITY = "iPhone Developer";
				COPY_PHASE_STRIP = NO;
				DEBUG_INFORMATION_FORMAT = dwarf;
				ENABLE_STRICT_OBJC_MSGSEND = YES;
				ENABLE_TESTABILITY = YES;
				GCC_C_LANGUAGE_STANDARD = gnu11;
				GCC_DYNAMIC_NO_PIC = NO;
				GCC_NO_COMMON_BLOCKS = YES;
				GCC_OPTIMIZATION_LEVEL = 0;
				GCC_PREPROCESSOR_DEFINITIONS = (
					"DEBUG=1",
					"$(inherited)",
				);
				GCC_WARN_64_TO_32_BIT_CONVERSION = YES;
				GCC_WARN_ABOUT_RETURN_TYPE = YES_ERROR;
				GCC_WARN_UNDECLARED_SELECTOR = YES;
				GCC_WARN_UNINITIALIZED_AUTOS = YES_AGGRESSIVE;
				GCC_WARN_UNUSED_FUNCTION = YES;
				GCC_WARN_UNUSED_VARIABLE = YES;
				IPHONEOS_DEPLOYMENT_TARGET = 11.4;
				MTL_ENABLE_DEBUG_INFO = YES;
				ONLY_ACTIVE_ARCH = YES;
				SDKROOT = iphoneos;
				SWIFT_ACTIVE_COMPILATION_CONDITIONS = DEBUG;
				SWIFT_OPTIMIZATION_LEVEL = "-Onone";
			};
			name = Debug;
		};
		468AA518212B8A0C009B059C /* Release */ = {
			isa = XCBuildConfiguration;
			buildSettings = {
				ALWAYS_SEARCH_USER_PATHS = NO;
				CLANG_ANALYZER_NONNULL = YES;
				CLANG_ANALYZER_NUMBER_OBJECT_CONVERSION = YES_AGGRESSIVE;
				CLANG_CXX_LANGUAGE_STANDARD = "gnu++14";
				CLANG_CXX_LIBRARY = "libc++";
				CLANG_ENABLE_MODULES = YES;
				CLANG_ENABLE_OBJC_ARC = YES;
				CLANG_ENABLE_OBJC_WEAK = YES;
				CLANG_WARN_BLOCK_CAPTURE_AUTORELEASING = YES;
				CLANG_WARN_BOOL_CONVERSION = YES;
				CLANG_WARN_COMMA = YES;
				CLANG_WARN_CONSTANT_CONVERSION = YES;
				CLANG_WARN_DEPRECATED_OBJC_IMPLEMENTATIONS = YES;
				CLANG_WARN_DIRECT_OBJC_ISA_USAGE = YES_ERROR;
				CLANG_WARN_DOCUMENTATION_COMMENTS = YES;
				CLANG_WARN_EMPTY_BODY = YES;
				CLANG_WARN_ENUM_CONVERSION = YES;
				CLANG_WARN_INFINITE_RECURSION = YES;
				CLANG_WARN_INT_CONVERSION = YES;
				CLANG_WARN_NON_LITERAL_NULL_CONVERSION = YES;
				CLANG_WARN_OBJC_IMPLICIT_RETAIN_SELF = YES;
				CLANG_WARN_OBJC_LITERAL_CONVERSION = YES;
				CLANG_WARN_OBJC_ROOT_CLASS = YES_ERROR;
				CLANG_WARN_RANGE_LOOP_ANALYSIS = YES;
				CLANG_WARN_STRICT_PROTOTYPES = YES;
				CLANG_WARN_SUSPICIOUS_MOVE = YES;
				CLANG_WARN_UNGUARDED_AVAILABILITY = YES_AGGRESSIVE;
				CLANG_WARN_UNREACHABLE_CODE = YES;
				CLANG_WARN__DUPLICATE_METHOD_MATCH = YES;
				CODE_SIGN_IDENTITY = "iPhone Developer";
				COPY_PHASE_STRIP = NO;
				DEBUG_INFORMATION_FORMAT = "dwarf-with-dsym";
				ENABLE_NS_ASSERTIONS = NO;
				ENABLE_STRICT_OBJC_MSGSEND = YES;
				GCC_C_LANGUAGE_STANDARD = gnu11;
				GCC_NO_COMMON_BLOCKS = YES;
				GCC_WARN_64_TO_32_BIT_CONVERSION = YES;
				GCC_WARN_ABOUT_RETURN_TYPE = YES_ERROR;
				GCC_WARN_UNDECLARED_SELECTOR = YES;
				GCC_WARN_UNINITIALIZED_AUTOS = YES_AGGRESSIVE;
				GCC_WARN_UNUSED_FUNCTION = YES;
				GCC_WARN_UNUSED_VARIABLE = YES;
				IPHONEOS_DEPLOYMENT_TARGET = 11.4;
				MTL_ENABLE_DEBUG_INFO = NO;
				SDKROOT = iphoneos;
				SWIFT_COMPILATION_MODE = wholemodule;
				SWIFT_OPTIMIZATION_LEVEL = "-O";
				VALIDATE_PRODUCT = YES;
			};
			name = Release;
		};
		468AA51A212B8A0C009B059C /* Debug */ = {
			isa = XCBuildConfiguration;
			buildSettings = {
				ASSETCATALOG_COMPILER_APPICON_NAME = AppIcon;
				CODE_SIGN_STYLE = Automatic;
				DEVELOPMENT_TEAM = MZ552MTEJZ;
				INFOPLIST_FILE = "New-Test-Source-Control/Info.plist";
				LD_RUNPATH_SEARCH_PATHS = (
					"$(inherited)",
					"@executable_path/Frameworks",
				);
				PRODUCT_BUNDLE_IDENTIFIER = "com.developItSolutions.New-Test-Source-Control";
				PRODUCT_NAME = "$(TARGET_NAME)";
				SWIFT_VERSION = 4.0;
				TARGETED_DEVICE_FAMILY = "1,2";
			};
			name = Debug;
		};
		468AA51B212B8A0C009B059C /* Release */ = {
			isa = XCBuildConfiguration;
			buildSettings = {
				ASSETCATALOG_COMPILER_APPICON_NAME = AppIcon;
				CODE_SIGN_STYLE = Automatic;
				DEVELOPMENT_TEAM = MZ552MTEJZ;
				INFOPLIST_FILE = "New-Test-Source-Control/Info.plist";
				LD_RUNPATH_SEARCH_PATHS = (
					"$(inherited)",
					"@executable_path/Frameworks",
				);
				PRODUCT_BUNDLE_IDENTIFIER = "com.developItSolutions.New-Test-Source-Control";
				PRODUCT_NAME = "$(TARGET_NAME)";
				SWIFT_VERSION = 4.0;
				TARGETED_DEVICE_FAMILY = "1,2";
			};
			name = Release;
		};
/* End XCBuildConfiguration section */

/* Begin XCConfigurationList section */
		468AA502212B8A0B009B059C /* Build configuration list for PBXProject "New-Test-Source-Control" */ = {
			isa = XCConfigurationList;
			buildConfigurations = (
				468AA517212B8A0C009B059C /* Debug */,
				468AA518212B8A0C009B059C /* Release */,
			);
			defaultConfigurationIsVisible = 0;
			defaultConfigurationName = Release;
		};
		468AA519212B8A0C009B059C /* Build configuration list for PBXNativeTarget "New-Test-Source-Control" */ = {
			isa = XCConfigurationList;
			buildConfigurations = (
				468AA51A212B8A0C009B059C /* Debug */,
				468AA51B212B8A0C009B059C /* Release */,
			);
			defaultConfigurationIsVisible = 0;
			defaultConfigurationName = Release;
		};
/* End XCConfigurationList section */
	};
	rootObject = 468AA4FF212B8A0B009B059C /* Project object */;
}
